
Microsoft Visual Studio Solution File, Format Version 12.00
# Visual Studio Version 16
VisualStudioVersion = 16.0.29201.188
MinimumVisualStudioVersion = 10.0.40219.1
Project("{FAE04EC0-301F-11D3-BF4B-00C04F79EFBC}") = "XmlDataValidator.Service", "XmlDataValidator.Service\XmlDataValidator.Service.csproj", "{1749F07B-2881-42DA-8CE0-1B0E172C3F98}"
EndProject
Project("{FAE04EC0-301F-11D3-BF4B-00C04F79EFBC}") = "XmlDataValidator.WebApi", "XmlDataValidator.WebApi\XmlDataValidator.WebApi.csproj", "{BDD4EC57-030A-46F8-8FC8-22A1D980DE41}"
EndProject
Project("{FAE04EC0-301F-11D3-BF4B-00C04F79EFBC}") = "XmlDataValidator.BLL", "XmlDataValidator.BLL\XmlDataValidator.BLL.csproj", "{217962F9-B7BB-4B39-A0A2-B213DDBD8F16}"
EndProject
Project("{00D1A9C2-B5F0-4AF3-8072-F6C62B433612}") = "XmlDataValidator.CLR", "XmlDataValidator.CLR\XmlDataValidator.CLR.sqlproj", "{41159330-0AEB-4FB2-B648-F26758F64E27}"
EndProject
Project("{FAE04EC0-301F-11D3-BF4B-00C04F79EFBC}") = "XmlDataValidator.CLR.Test", "XmlDataValidator.CLR.Test\XmlDataValidator.CLR.Test.csproj", "{2F50F498-5202-4EBB-B835-263B6F64C37A}"
EndProject
Global
	GlobalSection(SolutionConfigurationPlatforms) = preSolution
		Debug Console|Any CPU = Debug Console|Any CPU
		Debug|Any CPU = Debug|Any CPU
		Release|Any CPU = Release|Any CPU
	EndGlobalSection
	GlobalSection(ProjectConfigurationPlatforms) = postSolution
		{1749F07B-2881-42DA-8CE0-1B0E172C3F98}.Debug Console|Any CPU.ActiveCfg = Debug Console|Any CPU
		{1749F07B-2881-42DA-8CE0-1B0E172C3F98}.Debug Console|Any CPU.Build.0 = Debug Console|Any CPU
		{1749F07B-2881-42DA-8CE0-1B0E172C3F98}.Debug|Any CPU.ActiveCfg = Debug|Any CPU
		{1749F07B-2881-42DA-8CE0-1B0E172C3F98}.Debug|Any CPU.Build.0 = Debug|Any CPU
		{1749F07B-2881-42DA-8CE0-1B0E172C3F98}.Release|Any CPU.ActiveCfg = Release|Any CPU
		{1749F07B-2881-42DA-8CE0-1B0E172C3F98}.Release|Any CPU.Build.0 = Release|Any CPU
		{BDD4EC57-030A-46F8-8FC8-22A1D980DE41}.Debug Console|Any CPU.ActiveCfg = Debug Console|Any CPU
		{BDD4EC57-030A-46F8-8FC8-22A1D980DE41}.Debug Console|Any CPU.Build.0 = Debug Console|Any CPU
		{BDD4EC57-030A-46F8-8FC8-22A1D980DE41}.Debug|Any CPU.ActiveCfg = Debug|Any CPU
		{BDD4EC57-030A-46F8-8FC8-22A1D980DE41}.Debug|Any CPU.Build.0 = Debug|Any CPU
		{BDD4EC57-030A-46F8-8FC8-22A1D980DE41}.Release|Any CPU.ActiveCfg = Release|Any CPU
		{BDD4EC57-030A-46F8-8FC8-22A1D980DE41}.Release|Any CPU.Build.0 = Release|Any CPU
		{217962F9-B7BB-4B39-A0A2-B213DDBD8F16}.Debug Console|Any CPU.ActiveCfg = Debug Console|Any CPU
		{217962F9-B7BB-4B39-A0A2-B213DDBD8F16}.Debug Console|Any CPU.Build.0 = Debug Console|Any CPU
		{217962F9-B7BB-4B39-A0A2-B213DDBD8F16}.Debug|Any CPU.ActiveCfg = Debug|Any CPU
		{217962F9-B7BB-4B39-A0A2-B213DDBD8F16}.Debug|Any CPU.Build.0 = Debug|Any CPU
		{217962F9-B7BB-4B39-A0A2-B213DDBD8F16}.Release|Any CPU.ActiveCfg = Release|Any CPU
		{217962F9-B7BB-4B39-A0A2-B213DDBD8F16}.Release|Any CPU.Build.0 = Release|Any CPU
		{41159330-0AEB-4FB2-B648-F26758F64E27}.Debug Console|Any CPU.ActiveCfg = Debug|Any CPU
		{41159330-0AEB-4FB2-B648-F26758F64E27}.Debug Console|Any CPU.Build.0 = Debug|Any CPU
		{41159330-0AEB-4FB2-B648-F26758F64E27}.Debug Console|Any CPU.Deploy.0 = Debug|Any CPU
		{41159330-0AEB-4FB2-B648-F26758F64E27}.Debug|Any CPU.ActiveCfg = Debug|Any CPU
		{41159330-0AEB-4FB2-B648-F26758F64E27}.Debug|Any CPU.Build.0 = Debug|Any CPU
		{41159330-0AEB-4FB2-B648-F26758F64E27}.Debug|Any CPU.Deploy.0 = Debug|Any CPU
		{41159330-0AEB-4FB2-B648-F26758F64E27}.Release|Any CPU.ActiveCfg = Release|Any CPU
		{41159330-0AEB-4FB2-B648-F26758F64E27}.Release|Any CPU.Build.0 = Release|Any CPU
		{41159330-0AEB-4FB2-B648-F26758F64E27}.Release|Any CPU.Deploy.0 = Release|Any CPU
		{2F50F498-5202-4EBB-B835-263B6F64C37A}.Debug Console|Any CPU.ActiveCfg = Debug|Any CPU
		{2F50F498-5202-4EBB-B835-263B6F64C37A}.Debug Console|Any CPU.Build.0 = Debug|Any CPU
		{2F50F498-5202-4EBB-B835-263B6F64C37A}.Debug|Any CPU.ActiveCfg = Debug|Any CPU
		{2F50F498-5202-4EBB-B835-263B6F64C37A}.Debug|Any CPU.Build.0 = Debug|Any CPU
		{2F50F498-5202-4EBB-B835-263B6F64C37A}.Release|Any CPU.ActiveCfg = Release|Any CPU
		{2F50F498-5202-4EBB-B835-263B6F64C37A}.Release|Any CPU.Build.0 = Release|Any CPU
	EndGlobalSection
	GlobalSection(SolutionProperties) = preSolution
		HideSolutionNode = FALSE
	EndGlobalSection
	GlobalSection(ExtensibilityGlobals) = postSolution
		SolutionGuid = {EB2409FB-CCB1-4E9A-BC70-88F5D8CD8BD3}
	EndGlobalSection
EndGlobal
